
Microsoft Visual Studio Solution File, Format Version 11.00
# Visual Basic Express 2010
Project("{F184B08F-C81C-45F6-A57F-5ABD9991F28F}") = "WindowsApplication1", "WindowsApplication1\WindowsApplication1.vbproj", "{1939FEFC-C48C-48FA-8373-D47EE5B22984}"
EndProject
Global
	GlobalSection(SolutionConfigurationPlatforms) = preSolution
		Debug|x86 = Debug|x86
		Release|x86 = Release|x86
	EndGlobalSection
	GlobalSection(ProjectConfigurationPlatforms) = postSolution
		{1939FEFC-C48C-48FA-8373-D47EE5B22984}.Debug|x86.ActiveCfg = Debug|x86
		{1939FEFC-C48C-48FA-8373-D47EE5B22984}.Debug|x86.Build.0 = Debug|x86
		{1939FEFC-C48C-48FA-8373-D47EE5B22984}.Release|x86.ActiveCfg = Release|x86
		{1939FEFC-C48C-48FA-8373-D47EE5B22984}.Release|x86.Build.0 = Release|x86
	EndGlobalSection
	GlobalSection(SolutionProperties) = preSolution
		HideSolutionNode = FALSE
	EndGlobalSection
EndGlobal
